// !$*UTF8*$!
{
	archiveVersion = 1;
	classes = {
	};
	objectVersion = 50;
	objects = {

/* Begin PBXBuildFile section */
		041272CF212D6A0500F4654E /* AppDelegate.swift in Sources */ = {isa = PBXBuildFile; fileRef = 041272CE212D6A0500F4654E /* AppDelegate.swift */; };
		041272D1212D6A0500F4654E /* ViewController.swift in Sources */ = {isa = PBXBuildFile; fileRef = 041272D0212D6A0500F4654E /* ViewController.swift */; };
		041272D4212D6A0500F4654E /* Main.storyboard in Resources */ = {isa = PBXBuildFile; fileRef = 041272D2212D6A0500F4654E /* Main.storyboard */; };
		041272D6212D6A0600F4654E /* Assets.xcassets in Resources */ = {isa = PBXBuildFile; fileRef = 041272D5212D6A0600F4654E /* Assets.xcassets */; };
		041272D9212D6A0600F4654E /* LaunchScreen.storyboard in Resources */ = {isa = PBXBuildFile; fileRef = 041272D7212D6A0600F4654E /* LaunchScreen.storyboard */; };
		0448812E2178717C00F59758 /* MemeCollectionViewController.swift in Sources */ = {isa = PBXBuildFile; fileRef = 0448812D2178717C00F59758 /* MemeCollectionViewController.swift */; };
		044881302178750800F59758 /* MemeTableViewController.swift in Sources */ = {isa = PBXBuildFile; fileRef = 0448812F2178750800F59758 /* MemeTableViewController.swift */; };
		0448813421787DF500F59758 /* MemeTableViewCell.swift in Sources */ = {isa = PBXBuildFile; fileRef = 0448813321787DF500F59758 /* MemeTableViewCell.swift */; };
		044881382178945400F59758 /* MemeCollectionViewCell.swift in Sources */ = {isa = PBXBuildFile; fileRef = 044881372178945400F59758 /* MemeCollectionViewCell.swift */; };
		0448813A21789DE700F59758 /* MemeDetailViewController.swift in Sources */ = {isa = PBXBuildFile; fileRef = 0448813921789DE700F59758 /* MemeDetailViewController.swift */; };
		A181143E852E808734AF4A69 /* Pods_MemeMe.framework in Frameworks */ = {isa = PBXBuildFile; fileRef = BB46D813FE0BE4B6406142D7 /* Pods_MemeMe.framework */; };
/* End PBXBuildFile section */

/* Begin PBXFileReference section */
		041272CB212D6A0400F4654E /* MemeMe.app */ = {isa = PBXFileReference; explicitFileType = wrapper.application; includeInIndex = 0; path = MemeMe.app; sourceTree = BUILT_PRODUCTS_DIR; };
		041272CE212D6A0500F4654E /* AppDelegate.swift */ = {isa = PBXFileReference; lastKnownFileType = sourcecode.swift; path = AppDelegate.swift; sourceTree = "<group>"; };
		041272D0212D6A0500F4654E /* ViewController.swift */ = {isa = PBXFileReference; lastKnownFileType = sourcecode.swift; path = ViewController.swift; sourceTree = "<group>"; };
		041272D3212D6A0500F4654E /* Base */ = {isa = PBXFileReference; lastKnownFileType = file.storyboard; name = Base; path = Base.lproj/Main.storyboard; sourceTree = "<group>"; };
		041272D5212D6A0600F4654E /* Assets.xcassets */ = {isa = PBXFileReference; lastKnownFileType = folder.assetcatalog; path = Assets.xcassets; sourceTree = "<group>"; };
		041272D8212D6A0600F4654E /* Base */ = {isa = PBXFileReference; lastKnownFileType = file.storyboard; name = Base; path = Base.lproj/LaunchScreen.storyboard; sourceTree = "<group>"; };
		041272DA212D6A0600F4654E /* Info.plist */ = {isa = PBXFileReference; lastKnownFileType = text.plist.xml; path = Info.plist; sourceTree = "<group>"; };
		0448812D2178717C00F59758 /* MemeCollectionViewController.swift */ = {isa = PBXFileReference; lastKnownFileType = sourcecode.swift; path = MemeCollectionViewController.swift; sourceTree = "<group>"; };
		0448812F2178750800F59758 /* MemeTableViewController.swift */ = {isa = PBXFileReference; lastKnownFileType = sourcecode.swift; path = MemeTableViewController.swift; sourceTree = "<group>"; };
		0448813321787DF500F59758 /* MemeTableViewCell.swift */ = {isa = PBXFileReference; lastKnownFileType = sourcecode.swift; path = MemeTableViewCell.swift; sourceTree = "<group>"; };
		044881372178945400F59758 /* MemeCollectionViewCell.swift */ = {isa = PBXFileReference; lastKnownFileType = sourcecode.swift; path = MemeCollectionViewCell.swift; sourceTree = "<group>"; };
		0448813921789DE700F59758 /* MemeDetailViewController.swift */ = {isa = PBXFileReference; lastKnownFileType = sourcecode.swift; path = MemeDetailViewController.swift; sourceTree = "<group>"; };
		68A67D0DEA3771DA43D91FF2 /* Pods-MemeMe.debug.xcconfig */ = {isa = PBXFileReference; includeInIndex = 1; lastKnownFileType = text.xcconfig; name = "Pods-MemeMe.debug.xcconfig"; path = "Pods/Target Support Files/Pods-MemeMe/Pods-MemeMe.debug.xcconfig"; sourceTree = "<group>"; };
		BB46D813FE0BE4B6406142D7 /* Pods_MemeMe.framework */ = {isa = PBXFileReference; explicitFileType = wrapper.framework; includeInIndex = 0; path = Pods_MemeMe.framework; sourceTree = BUILT_PRODUCTS_DIR; };
		E7A943C33CA0910CD7ECF811 /* Pods-MemeMe.release.xcconfig */ = {isa = PBXFileReference; includeInIndex = 1; lastKnownFileType = text.xcconfig; name = "Pods-MemeMe.release.xcconfig"; path = "Pods/Target Support Files/Pods-MemeMe/Pods-MemeMe.release.xcconfig"; sourceTree = "<group>"; };
/* End PBXFileReference section */

/* Begin PBXFrameworksBuildPhase section */
		041272C8212D6A0400F4654E /* Frameworks */ = {
			isa = PBXFrameworksBuildPhase;
			buildActionMask = 2147483647;
			files = (
				A181143E852E808734AF4A69 /* Pods_MemeMe.framework in Frameworks */,
			);
			runOnlyForDeploymentPostprocessing = 0;
		};
/* End PBXFrameworksBuildPhase section */

/* Begin PBXGroup section */
		041272C2212D6A0400F4654E = {
			isa = PBXGroup;
			children = (
				041272CD212D6A0400F4654E /* MemeMe */,
				041272CC212D6A0400F4654E /* Products */,
				BC428D097D74F85AD793CAA0 /* Pods */,
				594311BB15E9351BA70D8A36 /* Frameworks */,
			);
			sourceTree = "<group>";
		};
		041272CC212D6A0400F4654E /* Products */ = {
			isa = PBXGroup;
			children = (
				041272CB212D6A0400F4654E /* MemeMe.app */,
			);
			name = Products;
			sourceTree = "<group>";
		};
		041272CD212D6A0400F4654E /* MemeMe */ = {
			isa = PBXGroup;
			children = (
				041272CE212D6A0500F4654E /* AppDelegate.swift */,
				041272D0212D6A0500F4654E /* ViewController.swift */,
				041272D2212D6A0500F4654E /* Main.storyboard */,
				041272D5212D6A0600F4654E /* Assets.xcassets */,
				041272D7212D6A0600F4654E /* LaunchScreen.storyboard */,
				041272DA212D6A0600F4654E /* Info.plist */,
				0448812D2178717C00F59758 /* MemeCollectionViewController.swift */,
				0448812F2178750800F59758 /* MemeTableViewController.swift */,
				0448813321787DF500F59758 /* MemeTableViewCell.swift */,
				044881372178945400F59758 /* MemeCollectionViewCell.swift */,
				0448813921789DE700F59758 /* MemeDetailViewController.swift */,
			);
			path = MemeMe;
			sourceTree = "<group>";
		};
		594311BB15E9351BA70D8A36 /* Frameworks */ = {
			isa = PBXGroup;
			children = (
				BB46D813FE0BE4B6406142D7 /* Pods_MemeMe.framework */,
			);
			name = Frameworks;
			sourceTree = "<group>";
		};
		BC428D097D74F85AD793CAA0 /* Pods */ = {
			isa = PBXGroup;
			children = (
				68A67D0DEA3771DA43D91FF2 /* Pods-MemeMe.debug.xcconfig */,
				E7A943C33CA0910CD7ECF811 /* Pods-MemeMe.release.xcconfig */,
			);
			name = Pods;
			sourceTree = "<group>";
		};
/* End PBXGroup section */

/* Begin PBXNativeTarget section */
		041272CA212D6A0400F4654E /* MemeMe */ = {
			isa = PBXNativeTarget;
			buildConfigurationList = 041272DD212D6A0600F4654E /* Build configuration list for PBXNativeTarget "MemeMe" */;
			buildPhases = (
				11BEEF0C44D9A7C816C50F9B /* [CP] Check Pods Manifest.lock */,
				041272C7212D6A0400F4654E /* Sources */,
				041272C8212D6A0400F4654E /* Frameworks */,
				041272C9212D6A0400F4654E /* Resources */,
				FFDE6895CF4BD54808B588FB /* [CP] Embed Pods Frameworks */,
			);
			buildRules = (
			);
			dependencies = (
			);
			name = MemeMe;
			productName = MemeMe;
			productReference = 041272CB212D6A0400F4654E /* MemeMe.app */;
			productType = "com.apple.product-type.application";
		};
/* End PBXNativeTarget section */

/* Begin PBXProject section */
		041272C3212D6A0400F4654E /* Project object */ = {
			isa = PBXProject;
			attributes = {
				LastSwiftUpdateCheck = 0940;
				LastUpgradeCheck = 0940;
				ORGANIZATIONNAME = mac;
				TargetAttributes = {
					041272CA212D6A0400F4654E = {
						CreatedOnToolsVersion = 9.4.1;
					};
				};
			};
			buildConfigurationList = 041272C6212D6A0400F4654E /* Build configuration list for PBXProject "MemeMe" */;
			compatibilityVersion = "Xcode 9.3";
			developmentRegion = en;
			hasScannedForEncodings = 0;
			knownRegions = (
				en,
				Base,
			);
			mainGroup = 041272C2212D6A0400F4654E;
			productRefGroup = 041272CC212D6A0400F4654E /* Products */;
			projectDirPath = "";
			projectRoot = "";
			targets = (
				041272CA212D6A0400F4654E /* MemeMe */,
			);
		};
/* End PBXProject section */

/* Begin PBXResourcesBuildPhase section */
		041272C9212D6A0400F4654E /* Resources */ = {
			isa = PBXResourcesBuildPhase;
			buildActionMask = 2147483647;
			files = (
				041272D9212D6A0600F4654E /* LaunchScreen.storyboard in Resources */,
				041272D6212D6A0600F4654E /* Assets.xcassets in Resources */,
				041272D4212D6A0500F4654E /* Main.storyboard in Resources */,
			);
			runOnlyForDeploymentPostprocessing = 0;
		};
/* End PBXResourcesBuildPhase section */

/* Begin PBXShellScriptBuildPhase section */
		11BEEF0C44D9A7C816C50F9B /* [CP] Check Pods Manifest.lock */ = {
			isa = PBXShellScriptBuildPhase;
			buildActionMask = 2147483647;
			files = (
			);
			inputPaths = (
				"${PODS_PODFILE_DIR_PATH}/Podfile.lock",
				"${PODS_ROOT}/Manifest.lock",
			);
			name = "[CP] Check Pods Manifest.lock";
			outputPaths = (
				"$(DERIVED_FILE_DIR)/Pods-MemeMe-checkManifestLockResult.txt",
			);
			runOnlyForDeploymentPostprocessing = 0;
			shellPath = /bin/sh;
			shellScript = "diff \"${PODS_PODFILE_DIR_PATH}/Podfile.lock\" \"${PODS_ROOT}/Manifest.lock\" > /dev/null\nif [ $? != 0 ] ; then\n    # print error to STDERR\n    echo \"error: The sandbox is not in sync with the Podfile.lock. Run 'pod install' or update your CocoaPods installation.\" >&2\n    exit 1\nfi\n# This output is used by Xcode 'outputs' to avoid re-running this script phase.\necho \"SUCCESS\" > \"${SCRIPT_OUTPUT_FILE_0}\"\n";
			showEnvVarsInLog = 0;
		};
		FFDE6895CF4BD54808B588FB /* [CP] Embed Pods Frameworks */ = {
			isa = PBXShellScriptBuildPhase;
			buildActionMask = 2147483647;
			files = (
			);
			inputPaths = (
				"${SRCROOT}/Pods/Target Support Files/Pods-MemeMe/Pods-MemeMe-frameworks.sh",
				"${BUILT_PRODUCTS_DIR}/IQKeyboardManagerSwift/IQKeyboardManagerSwift.framework",
			);
			name = "[CP] Embed Pods Frameworks";
			outputPaths = (
				"${TARGET_BUILD_DIR}/${FRAMEWORKS_FOLDER_PATH}/IQKeyboardManagerSwift.framework",
			);
			runOnlyForDeploymentPostprocessing = 0;
			shellPath = /bin/sh;
			shellScript = "\"${SRCROOT}/Pods/Target Support Files/Pods-MemeMe/Pods-MemeMe-frameworks.sh\"\n";
			showEnvVarsInLog = 0;
		};
/* End PBXShellScriptBuildPhase section */

/* Begin PBXSourcesBuildPhase section */
		041272C7212D6A0400F4654E /* Sources */ = {
			isa = PBXSourcesBuildPhase;
			buildActionMask = 2147483647;
			files = (
				044881382178945400F59758 /* MemeCollectionViewCell.swift in Sources */,
				041272D1212D6A0500F4654E /* ViewController.swift in Sources */,
				0448813A21789DE700F59758 /* MemeDetailViewController.swift in Sources */,
				0448812E2178717C00F59758 /* MemeCollectionViewController.swift in Sources */,
				0448813421787DF500F59758 /* MemeTableViewCell.swift in Sources */,
				041272CF212D6A0500F4654E /* AppDelegate.swift in Sources */,
				044881302178750800F59758 /* MemeTableViewController.swift in Sources */,
			);
			runOnlyForDeploymentPostprocessing = 0;
		};
/* End PBXSourcesBuildPhase section */

/* Begin PBXVariantGroup section */
		041272D2212D6A0500F4654E /* Main.storyboard */ = {
			isa = PBXVariantGroup;
			children = (
				041272D3212D6A0500F4654E /* Base */,
			);
			name = Main.storyboard;
			sourceTree = "<group>";
		};
		041272D7212D6A0600F4654E /* LaunchScreen.storyboard */ = {
			isa = PBXVariantGroup;
			children = (
				041272D8212D6A0600F4654E /* Base */,
			);
			name = LaunchScreen.storyboard;
			sourceTree = "<group>";
		};
/* End PBXVariantGroup section */

/* Begin XCBuildConfiguration section */
		041272DB212D6A0600F4654E /* Debug */ = {
			isa = XCBuildConfiguration;
			buildSettings = {
				ALWAYS_SEARCH_USER_PATHS = NO;
				CLANG_ANALYZER_NONNULL = YES;
				CLANG_ANALYZER_NUMBER_OBJECT_CONVERSION = YES_AGGRESSIVE;
				CLANG_CXX_LANGUAGE_STANDARD = "gnu++14";
				CLANG_CXX_LIBRARY = "libc++";
				CLANG_ENABLE_MODULES = YES;
				CLANG_ENABLE_OBJC_ARC = YES;
				CLANG_ENABLE_OBJC_WEAK = YES;
				CLANG_WARN_BLOCK_CAPTURE_AUTORELEASING = YES;
				CLANG_WARN_BOOL_CONVERSION = YES;
				CLANG_WARN_COMMA = YES;
				CLANG_WARN_CONSTANT_CONVERSION = YES;
				CLANG_WARN_DEPRECATED_OBJC_IMPLEMENTATIONS = YES;
				CLANG_WARN_DIRECT_OBJC_ISA_USAGE = YES_ERROR;
				CLANG_WARN_DOCUMENTATION_COMMENTS = YES;
				CLANG_WARN_EMPTY_BODY = YES;
				CLANG_WARN_ENUM_CONVERSION = YES;
				CLANG_WARN_INFINITE_RECURSION = YES;
				CLANG_WARN_INT_CONVERSION = YES;
				CLANG_WARN_NON_LITERAL_NULL_CONVERSION = YES;
				CLANG_WARN_OBJC_IMPLICIT_RETAIN_SELF = YES;
				CLANG_WARN_OBJC_LITERAL_CONVERSION = YES;
				CLANG_WARN_OBJC_ROOT_CLASS = YES_ERROR;
				CLANG_WARN_RANGE_LOOP_ANALYSIS = YES;
				CLANG_WARN_STRICT_PROTOTYPES = YES;
				CLANG_WARN_SUSPICIOUS_MOVE = YES;
				CLANG_WARN_UNGUARDED_AVAILABILITY = YES_AGGRESSIVE;
				CLANG_WARN_UNREACHABLE_CODE = YES;
				CLANG_WARN__DUPLICATE_METHOD_MATCH = YES;
				CODE_SIGN_IDENTITY = "iPhone Developer";
				COPY_PHASE_STRIP = NO;
				DEBUG_INFORMATION_FORMAT = dwarf;
				ENABLE_STRICT_OBJC_MSGSEND = YES;
				ENABLE_TESTABILITY = YES;
				GCC_C_LANGUAGE_STANDARD = gnu11;
				GCC_DYNAMIC_NO_PIC = NO;
				GCC_NO_COMMON_BLOCKS = YES;
				GCC_OPTIMIZATION_LEVEL = 0;
				GCC_PREPROCESSOR_DEFINITIONS = (
					"DEBUG=1",
					"$(inherited)",
				);
				GCC_WARN_64_TO_32_BIT_CONVERSION = YES;
				GCC_WARN_ABOUT_RETURN_TYPE = YES_ERROR;
				GCC_WARN_UNDECLARED_SELECTOR = YES;
				GCC_WARN_UNINITIALIZED_AUTOS = YES_AGGRESSIVE;
				GCC_WARN_UNUSED_FUNCTION = YES;
				GCC_WARN_UNUSED_VARIABLE = YES;
				IPHONEOS_DEPLOYMENT_TARGET = 11.4;
				MTL_ENABLE_DEBUG_INFO = YES;
				ONLY_ACTIVE_ARCH = YES;
				SDKROOT = iphoneos;
				SWIFT_ACTIVE_COMPILATION_CONDITIONS = DEBUG;
				SWIFT_OPTIMIZATION_LEVEL = "-Onone";
			};
			name = Debug;
		};
		041272DC212D6A0600F4654E /* Release */ = {
			isa = XCBuildConfiguration;
			buildSettings = {
				ALWAYS_SEARCH_USER_PATHS = NO;
				CLANG_ANALYZER_NONNULL = YES;
				CLANG_ANALYZER_NUMBER_OBJECT_CONVERSION = YES_AGGRESSIVE;
				CLANG_CXX_LANGUAGE_STANDARD = "gnu++14";
				CLANG_CXX_LIBRARY = "libc++";
				CLANG_ENABLE_MODULES = YES;
				CLANG_ENABLE_OBJC_ARC = YES;
				CLANG_ENABLE_OBJC_WEAK = YES;
				CLANG_WARN_BLOCK_CAPTURE_AUTORELEASING = YES;
				CLANG_WARN_BOOL_CONVERSION = YES;
				CLANG_WARN_COMMA = YES;
				CLANG_WARN_CONSTANT_CONVERSION = YES;
				CLANG_WARN_DEPRECATED_OBJC_IMPLEMENTATIONS = YES;
				CLANG_WARN_DIRECT_OBJC_ISA_USAGE = YES_ERROR;
				CLANG_WARN_DOCUMENTATION_COMMENTS = YES;
				CLANG_WARN_EMPTY_BODY = YES;
				CLANG_WARN_ENUM_CONVERSION = YES;
				CLANG_WARN_INFINITE_RECURSION = YES;
				CLANG_WARN_INT_CONVERSION = YES;
				CLANG_WARN_NON_LITERAL_NULL_CONVERSION = YES;
				CLANG_WARN_OBJC_IMPLICIT_RETAIN_SELF = YES;
				CLANG_WARN_OBJC_LITERAL_CONVERSION = YES;
				CLANG_WARN_OBJC_ROOT_CLASS = YES_ERROR;
				CLANG_WARN_RANGE_LOOP_ANALYSIS = YES;
				CLANG_WARN_STRICT_PROTOTYPES = YES;
				CLANG_WARN_SUSPICIOUS_MOVE = YES;
				CLANG_WARN_UNGUARDED_AVAILABILITY = YES_AGGRESSIVE;
				CLANG_WARN_UNREACHABLE_CODE = YES;
				CLANG_WARN__DUPLICATE_METHOD_MATCH = YES;
				CODE_SIGN_IDENTITY = "iPhone Developer";
				COPY_PHASE_STRIP = NO;
				DEBUG_INFORMATION_FORMAT = "dwarf-with-dsym";
				ENABLE_NS_ASSERTIONS = NO;
				ENABLE_STRICT_OBJC_MSGSEND = YES;
				GCC_C_LANGUAGE_STANDARD = gnu11;
				GCC_NO_COMMON_BLOCKS = YES;
				GCC_WARN_64_TO_32_BIT_CONVERSION = YES;
				GCC_WARN_ABOUT_RETURN_TYPE = YES_ERROR;
				GCC_WARN_UNDECLARED_SELECTOR = YES;
				GCC_WARN_UNINITIALIZED_AUTOS = YES_AGGRESSIVE;
				GCC_WARN_UNUSED_FUNCTION = YES;
				GCC_WARN_UNUSED_VARIABLE = YES;
				IPHONEOS_DEPLOYMENT_TARGET = 11.4;
				MTL_ENABLE_DEBUG_INFO = NO;
				SDKROOT = iphoneos;
				SWIFT_COMPILATION_MODE = wholemodule;
				SWIFT_OPTIMIZATION_LEVEL = "-O";
				VALIDATE_PRODUCT = YES;
			};
			name = Release;
		};
		041272DE212D6A0600F4654E /* Debug */ = {
			isa = XCBuildConfiguration;
			baseConfigurationReference = 68A67D0DEA3771DA43D91FF2 /* Pods-MemeMe.debug.xcconfig */;
			buildSettings = {
				ASSETCATALOG_COMPILER_APPICON_NAME = AppIcon;
				CODE_SIGN_STYLE = Automatic;
				DEVELOPMENT_TEAM = XRW2FSQ9QP;
				INFOPLIST_FILE = MemeMe/Info.plist;
				LD_RUNPATH_SEARCH_PATHS = (
					"$(inherited)",
					"@executable_path/Frameworks",
				);
				PRODUCT_BUNDLE_IDENTIFIER = digital.telenor.MemeMe;
				PRODUCT_NAME = "$(TARGET_NAME)";
				SWIFT_VERSION = 4.0;
				TARGETED_DEVICE_FAMILY = "1,2";
			};
			name = Debug;
		};
		041272DF212D6A0600F4654E /* Release */ = {
			isa = XCBuildConfiguration;
			baseConfigurationReference = E7A943C33CA0910CD7ECF811 /* Pods-MemeMe.release.xcconfig */;
			buildSettings = {
				ASSETCATALOG_COMPILER_APPICON_NAME = AppIcon;
				CODE_SIGN_STYLE = Automatic;
				DEVELOPMENT_TEAM = XRW2FSQ9QP;
				INFOPLIST_FILE = MemeMe/Info.plist;
				LD_RUNPATH_SEARCH_PATHS = (
					"$(inherited)",
					"@executable_path/Frameworks",
				);
				PRODUCT_BUNDLE_IDENTIFIER = digital.telenor.MemeMe;
				PRODUCT_NAME = "$(TARGET_NAME)";
				SWIFT_VERSION = 4.0;
				TARGETED_DEVICE_FAMILY = "1,2";
			};
			name = Release;
		};
/* End XCBuildConfiguration section */

/* Begin XCConfigurationList section */
		041272C6212D6A0400F4654E /* Build configuration list for PBXProject "MemeMe" */ = {
			isa = XCConfigurationList;
			buildConfigurations = (
				041272DB212D6A0600F4654E /* Debug */,
				041272DC212D6A0600F4654E /* Release */,
			);
			defaultConfigurationIsVisible = 0;
			defaultConfigurationName = Release;
		};
		041272DD212D6A0600F4654E /* Build configuration list for PBXNativeTarget "MemeMe" */ = {
			isa = XCConfigurationList;
			buildConfigurations = (
				041272DE212D6A0600F4654E /* Debug */,
				041272DF212D6A0600F4654E /* Release */,
			);
			defaultConfigurationIsVisible = 0;
			defaultConfigurationName = Release;
		};
/* End XCConfigurationList section */
	};
	rootObject = 041272C3212D6A0400F4654E /* Project object */;
}
